
Microsoft Visual Studio Solution File, Format Version 12.00
# Visual Studio Version 17
VisualStudioVersion = 17.6.33815.320
MinimumVisualStudioVersion = 10.0.40219.1
Project("{FAE04EC0-301F-11D3-BF4B-00C04F79EFBC}") = "studentinfo", "studentinfo\studentinfo.csproj", "{0C10D1BD-764E-4E21-BFA5-B31501D0705C}"
EndProject
Global
	GlobalSection(SolutionConfigurationPlatforms) = preSolution
		Debug|Any CPU = Debug|Any CPU
		Release|Any CPU = Release|Any CPU
	EndGlobalSection
	GlobalSection(ProjectConfigurationPlatforms) = postSolution
		{0C10D1BD-764E-4E21-BFA5-B31501D0705C}.Debug|Any CPU.ActiveCfg = Debug|Any CPU
		{0C10D1BD-764E-4E21-BFA5-B31501D0705C}.Debug|Any CPU.Build.0 = Debug|Any CPU
		{0C10D1BD-764E-4E21-BFA5-B31501D0705C}.Release|Any CPU.ActiveCfg = Release|Any CPU
		{0C10D1BD-764E-4E21-BFA5-B31501D0705C}.Release|Any CPU.Build.0 = Release|Any CPU
	EndGlobalSection
	GlobalSection(SolutionProperties) = preSolution
		HideSolutionNode = FALSE
	EndGlobalSection
	GlobalSection(ExtensibilityGlobals) = postSolution
		SolutionGuid = {F74B9132-5855-44FB-A087-3A81D64CA8CF}
	EndGlobalSection
EndGlobal
